
Microsoft Visual Studio Solution File, Format Version 12.00
# Visual Studio Version 17
VisualStudioVersion = 17.4.33103.184
MinimumVisualStudioVersion = 10.0.40219.1
Project("{FAE04EC0-301F-11D3-BF4B-00C04F79EFBC}") = "SystemDesign.RateLimiting", "src\SystemDesign.RateLimiting\SystemDesign.RateLimiting.csproj", "{DCC70BE3-2CFE-495B-836A-37B95DCDC150}"
EndProject
Global
	GlobalSection(SolutionConfigurationPlatforms) = preSolution
		Debug|Any CPU = Debug|Any CPU
		Release|Any CPU = Release|Any CPU
	EndGlobalSection
	GlobalSection(ProjectConfigurationPlatforms) = postSolution
		{DCC70BE3-2CFE-495B-836A-37B95DCDC150}.Debug|Any CPU.ActiveCfg = Debug|Any CPU
		{DCC70BE3-2CFE-495B-836A-37B95DCDC150}.Debug|Any CPU.Build.0 = Debug|Any CPU
		{DCC70BE3-2CFE-495B-836A-37B95DCDC150}.Release|Any CPU.ActiveCfg = Release|Any CPU
		{DCC70BE3-2CFE-495B-836A-37B95DCDC150}.Release|Any CPU.Build.0 = Release|Any CPU
	EndGlobalSection
	GlobalSection(SolutionProperties) = preSolution
		HideSolutionNode = FALSE
	EndGlobalSection
	GlobalSection(ExtensibilityGlobals) = postSolution
		SolutionGuid = {36600D49-BDE5-427B-837F-FDD4162CB8FC}
	EndGlobalSection
EndGlobal
